
Microsoft Visual Studio Solution File, Format Version 12.00
# Visual Studio Version 17
VisualStudioVersion = 17.8.34309.116
MinimumVisualStudioVersion = 10.0.40219.1
Project("{9A19103F-16F7-4668-BE54-9A1E7A4F7556}") = "Architecture1", "Architecture1\Architecture1.csproj", "{62556E5B-A972-4D12-9905-25554AA03CA5}"
EndProject
Project("{9A19103F-16F7-4668-BE54-9A1E7A4F7556}") = "Architecture2", "Architecture2\Architecture2.csproj", "{DA13CFA3-ED64-403E-94F9-4F2B398ACF79}"
EndProject
Project("{9A19103F-16F7-4668-BE54-9A1E7A4F7556}") = "Architecture3", "Architecture3\Architecture3.csproj", "{9D4D5C93-1E11-4F6B-AF7C-23B67FF6EA66}"
EndProject
Project("{9A19103F-16F7-4668-BE54-9A1E7A4F7556}") = "Architecture4", "Architecture4\Architecture4.csproj", "{BCAEEA7E-CE87-4B5B-AEE8-D74EFE09CFE3}"
EndProject
Project("{FAE04EC0-301F-11D3-BF4B-00C04F79EFBC}") = "Architecture5", "Architecture5\Architecture5.csproj", "{50B28FCD-0472-4909-9BB9-63FE081CBFAE}"
EndProject
Global
	GlobalSection(SolutionConfigurationPlatforms) = preSolution
		Debug|Any CPU = Debug|Any CPU
		Release|Any CPU = Release|Any CPU
	EndGlobalSection
	GlobalSection(ProjectConfigurationPlatforms) = postSolution
		{62556E5B-A972-4D12-9905-25554AA03CA5}.Debug|Any CPU.ActiveCfg = Debug|Any CPU
		{62556E5B-A972-4D12-9905-25554AA03CA5}.Debug|Any CPU.Build.0 = Debug|Any CPU
		{62556E5B-A972-4D12-9905-25554AA03CA5}.Release|Any CPU.ActiveCfg = Release|Any CPU
		{62556E5B-A972-4D12-9905-25554AA03CA5}.Release|Any CPU.Build.0 = Release|Any CPU
		{DA13CFA3-ED64-403E-94F9-4F2B398ACF79}.Debug|Any CPU.ActiveCfg = Debug|Any CPU
		{DA13CFA3-ED64-403E-94F9-4F2B398ACF79}.Debug|Any CPU.Build.0 = Debug|Any CPU
		{DA13CFA3-ED64-403E-94F9-4F2B398ACF79}.Release|Any CPU.ActiveCfg = Release|Any CPU
		{DA13CFA3-ED64-403E-94F9-4F2B398ACF79}.Release|Any CPU.Build.0 = Release|Any CPU
		{9D4D5C93-1E11-4F6B-AF7C-23B67FF6EA66}.Debug|Any CPU.ActiveCfg = Debug|Any CPU
		{9D4D5C93-1E11-4F6B-AF7C-23B67FF6EA66}.Debug|Any CPU.Build.0 = Debug|Any CPU
		{9D4D5C93-1E11-4F6B-AF7C-23B67FF6EA66}.Release|Any CPU.ActiveCfg = Release|Any CPU
		{9D4D5C93-1E11-4F6B-AF7C-23B67FF6EA66}.Release|Any CPU.Build.0 = Release|Any CPU
		{BCAEEA7E-CE87-4B5B-AEE8-D74EFE09CFE3}.Debug|Any CPU.ActiveCfg = Debug|Any CPU
		{BCAEEA7E-CE87-4B5B-AEE8-D74EFE09CFE3}.Debug|Any CPU.Build.0 = Debug|Any CPU
		{BCAEEA7E-CE87-4B5B-AEE8-D74EFE09CFE3}.Release|Any CPU.ActiveCfg = Release|Any CPU
		{BCAEEA7E-CE87-4B5B-AEE8-D74EFE09CFE3}.Release|Any CPU.Build.0 = Release|Any CPU
		{50B28FCD-0472-4909-9BB9-63FE081CBFAE}.Debug|Any CPU.ActiveCfg = Debug|Any CPU
		{50B28FCD-0472-4909-9BB9-63FE081CBFAE}.Debug|Any CPU.Build.0 = Debug|Any CPU
		{50B28FCD-0472-4909-9BB9-63FE081CBFAE}.Release|Any CPU.ActiveCfg = Release|Any CPU
		{50B28FCD-0472-4909-9BB9-63FE081CBFAE}.Release|Any CPU.Build.0 = Release|Any CPU
	EndGlobalSection
	GlobalSection(SolutionProperties) = preSolution
		HideSolutionNode = FALSE
	EndGlobalSection
	GlobalSection(ExtensibilityGlobals) = postSolution
		SolutionGuid = {14AE3634-788A-481F-87E3-AC1751913BEA}
	EndGlobalSection
EndGlobal
